// !$*UTF8*$!
{
	archiveVersion = 1;
	classes = {
	};
	objectVersion = 50;
	objects = {

/* Begin PBXBuildFile section */
		5117690725138B6000C12BA8 /* AppDelegate.swift in Sources */ = {isa = PBXBuildFile; fileRef = 5117690625138B6000C12BA8 /* AppDelegate.swift */; };
		5117690925138B6000C12BA8 /* SceneDelegate.swift in Sources */ = {isa = PBXBuildFile; fileRef = 5117690825138B6000C12BA8 /* SceneDelegate.swift */; };
		5117690B25138B6000C12BA8 /* EmojiArtDocumentView.swift in Sources */ = {isa = PBXBuildFile; fileRef = 5117690A25138B6000C12BA8 /* EmojiArtDocumentView.swift */; };
		5117690D25138B6800C12BA8 /* Assets.xcassets in Resources */ = {isa = PBXBuildFile; fileRef = 5117690C25138B6800C12BA8 /* Assets.xcassets */; };
		5117691025138B6800C12BA8 /* Preview Assets.xcassets in Resources */ = {isa = PBXBuildFile; fileRef = 5117690F25138B6800C12BA8 /* Preview Assets.xcassets */; };
		5117691325138B6800C12BA8 /* LaunchScreen.storyboard in Resources */ = {isa = PBXBuildFile; fileRef = 5117691125138B6800C12BA8 /* LaunchScreen.storyboard */; };
		5117691B25138BDA00C12BA8 /* EmojiArtDocument.swift in Sources */ = {isa = PBXBuildFile; fileRef = 5117691A25138BDA00C12BA8 /* EmojiArtDocument.swift */; };
		5138371F25C00DDB006CD5BC /* Spinning.swift in Sources */ = {isa = PBXBuildFile; fileRef = 5138371E25C00DDB006CD5BC /* Spinning.swift */; };
		5138372225C01691006CD5BC /* PaletteChooser.swift in Sources */ = {isa = PBXBuildFile; fileRef = 5138372125C01691006CD5BC /* PaletteChooser.swift */; };
		5138372725C01D33006CD5BC /* EmojiArtDocumentPalette.swift in Sources */ = {isa = PBXBuildFile; fileRef = 5138372625C01D32006CD5BC /* EmojiArtDocumentPalette.swift */; };
		5138372B25C17817006CD5BC /* Grid.swift in Sources */ = {isa = PBXBuildFile; fileRef = 5138372925C17817006CD5BC /* Grid.swift */; };
		5138372C25C17817006CD5BC /* GridLayout.swift in Sources */ = {isa = PBXBuildFile; fileRef = 5138372A25C17817006CD5BC /* GridLayout.swift */; };
		5138372F25C17E36006CD5BC /* EmojiArtDocumentStore.swift in Sources */ = {isa = PBXBuildFile; fileRef = 5138372E25C17E36006CD5BC /* EmojiArtDocumentStore.swift */; };
		5138373225C18018006CD5BC /* EmojiArtDocumentChooser.swift in Sources */ = {isa = PBXBuildFile; fileRef = 5138373125C18018006CD5BC /* EmojiArtDocumentChooser.swift */; };
		5138373525C18E02006CD5BC /* EditableText.swift in Sources */ = {isa = PBXBuildFile; fileRef = 5138373425C18E02006CD5BC /* EditableText.swift */; };
		514E7114251F82A500FD1530 /* OptionalImage.swift in Sources */ = {isa = PBXBuildFile; fileRef = 514E7113251F82A500FD1530 /* OptionalImage.swift */; };
		514E7118251F863700FD1530 /* AnimatableSystemFontModifier.swift in Sources */ = {isa = PBXBuildFile; fileRef = 514E7117251F863700FD1530 /* AnimatableSystemFontModifier.swift */; };
		51626A742513938400AF1778 /* EmojiArt.swift in Sources */ = {isa = PBXBuildFile; fileRef = 51626A732513938400AF1778 /* EmojiArt.swift */; };
		51626A76251397B500AF1778 /* EmojiArtExtensions.swift in Sources */ = {isa = PBXBuildFile; fileRef = 51626A75251397B500AF1778 /* EmojiArtExtensions.swift */; };
/* End PBXBuildFile section */

/* Begin PBXFileReference section */
		5117690325138B6000C12BA8 /* EmojiArt.app */ = {isa = PBXFileReference; explicitFileType = wrapper.application; includeInIndex = 0; path = EmojiArt.app; sourceTree = BUILT_PRODUCTS_DIR; };
		5117690625138B6000C12BA8 /* AppDelegate.swift */ = {isa = PBXFileReference; lastKnownFileType = sourcecode.swift; path = AppDelegate.swift; sourceTree = "<group>"; };
		5117690825138B6000C12BA8 /* SceneDelegate.swift */ = {isa = PBXFileReference; lastKnownFileType = sourcecode.swift; path = SceneDelegate.swift; sourceTree = "<group>"; };
		5117690A25138B6000C12BA8 /* EmojiArtDocumentView.swift */ = {isa = PBXFileReference; lastKnownFileType = sourcecode.swift; path = EmojiArtDocumentView.swift; sourceTree = "<group>"; };
		5117690C25138B6800C12BA8 /* Assets.xcassets */ = {isa = PBXFileReference; lastKnownFileType = folder.assetcatalog; path = Assets.xcassets; sourceTree = "<group>"; };
		5117690F25138B6800C12BA8 /* Preview Assets.xcassets */ = {isa = PBXFileReference; lastKnownFileType = folder.assetcatalog; path = "Preview Assets.xcassets"; sourceTree = "<group>"; };
		5117691225138B6800C12BA8 /* Base */ = {isa = PBXFileReference; lastKnownFileType = file.storyboard; name = Base; path = Base.lproj/LaunchScreen.storyboard; sourceTree = "<group>"; };
		5117691425138B6800C12BA8 /* Info.plist */ = {isa = PBXFileReference; lastKnownFileType = text.plist.xml; path = Info.plist; sourceTree = "<group>"; };
		5117691A25138BDA00C12BA8 /* EmojiArtDocument.swift */ = {isa = PBXFileReference; lastKnownFileType = sourcecode.swift; path = EmojiArtDocument.swift; sourceTree = "<group>"; };
		5138371E25C00DDB006CD5BC /* Spinning.swift */ = {isa = PBXFileReference; lastKnownFileType = sourcecode.swift; path = Spinning.swift; sourceTree = "<group>"; };
		5138372125C01691006CD5BC /* PaletteChooser.swift */ = {isa = PBXFileReference; lastKnownFileType = sourcecode.swift; path = PaletteChooser.swift; sourceTree = "<group>"; };
		5138372625C01D32006CD5BC /* EmojiArtDocumentPalette.swift */ = {isa = PBXFileReference; fileEncoding = 4; lastKnownFileType = sourcecode.swift; path = EmojiArtDocumentPalette.swift; sourceTree = "<group>"; };
		5138372925C17817006CD5BC /* Grid.swift */ = {isa = PBXFileReference; fileEncoding = 4; lastKnownFileType = sourcecode.swift; name = Grid.swift; path = ../../Memorize/Memorize/Grid.swift; sourceTree = "<group>"; };
		5138372A25C17817006CD5BC /* GridLayout.swift */ = {isa = PBXFileReference; fileEncoding = 4; lastKnownFileType = sourcecode.swift; name = GridLayout.swift; path = ../../Memorize/Memorize/GridLayout.swift; sourceTree = "<group>"; };
		5138372E25C17E36006CD5BC /* EmojiArtDocumentStore.swift */ = {isa = PBXFileReference; fileEncoding = 4; lastKnownFileType = sourcecode.swift; path = EmojiArtDocumentStore.swift; sourceTree = "<group>"; };
		5138373125C18018006CD5BC /* EmojiArtDocumentChooser.swift */ = {isa = PBXFileReference; lastKnownFileType = sourcecode.swift; path = EmojiArtDocumentChooser.swift; sourceTree = "<group>"; };
		5138373425C18E02006CD5BC /* EditableText.swift */ = {isa = PBXFileReference; fileEncoding = 4; lastKnownFileType = sourcecode.swift; path = EditableText.swift; sourceTree = "<group>"; };
		514E7113251F82A500FD1530 /* OptionalImage.swift */ = {isa = PBXFileReference; lastKnownFileType = sourcecode.swift; path = OptionalImage.swift; sourceTree = "<group>"; };
		514E7117251F863700FD1530 /* AnimatableSystemFontModifier.swift */ = {isa = PBXFileReference; fileEncoding = 4; lastKnownFileType = sourcecode.swift; path = AnimatableSystemFontModifier.swift; sourceTree = "<group>"; };
		51626A732513938400AF1778 /* EmojiArt.swift */ = {isa = PBXFileReference; lastKnownFileType = sourcecode.swift; path = EmojiArt.swift; sourceTree = "<group>"; };
		51626A75251397B500AF1778 /* EmojiArtExtensions.swift */ = {isa = PBXFileReference; fileEncoding = 4; lastKnownFileType = sourcecode.swift; path = EmojiArtExtensions.swift; sourceTree = "<group>"; };
/* End PBXFileReference section */

/* Begin PBXFrameworksBuildPhase section */
		5117690025138B6000C12BA8 /* Frameworks */ = {
			isa = PBXFrameworksBuildPhase;
			buildActionMask = 2147483647;
			files = (
			);
			runOnlyForDeploymentPostprocessing = 0;
		};
/* End PBXFrameworksBuildPhase section */

/* Begin PBXGroup section */
		511768FA25138B6000C12BA8 = {
			isa = PBXGroup;
			children = (
				5117690525138B6000C12BA8 /* EmojiArt */,
				5117690425138B6000C12BA8 /* Products */,
			);
			sourceTree = "<group>";
		};
		5117690425138B6000C12BA8 /* Products */ = {
			isa = PBXGroup;
			children = (
				5117690325138B6000C12BA8 /* EmojiArt.app */,
			);
			name = Products;
			sourceTree = "<group>";
		};
		5117690525138B6000C12BA8 /* EmojiArt */ = {
			isa = PBXGroup;
			children = (
				51626A732513938400AF1778 /* EmojiArt.swift */,
				5117691A25138BDA00C12BA8 /* EmojiArtDocument.swift */,
				5138372E25C17E36006CD5BC /* EmojiArtDocumentStore.swift */,
				5138373125C18018006CD5BC /* EmojiArtDocumentChooser.swift */,
				5117690A25138B6000C12BA8 /* EmojiArtDocumentView.swift */,
				5138372625C01D32006CD5BC /* EmojiArtDocumentPalette.swift */,
				51626A75251397B500AF1778 /* EmojiArtExtensions.swift */,
				5138372125C01691006CD5BC /* PaletteChooser.swift */,
				5138373425C18E02006CD5BC /* EditableText.swift */,
				5138371E25C00DDB006CD5BC /* Spinning.swift */,
				514E7117251F863700FD1530 /* AnimatableSystemFontModifier.swift */,
				514E7113251F82A500FD1530 /* OptionalImage.swift */,
				5138372925C17817006CD5BC /* Grid.swift */,
				5138372A25C17817006CD5BC /* GridLayout.swift */,
				5117690625138B6000C12BA8 /* AppDelegate.swift */,
				5117690825138B6000C12BA8 /* SceneDelegate.swift */,
				5117690C25138B6800C12BA8 /* Assets.xcassets */,
				5117691125138B6800C12BA8 /* LaunchScreen.storyboard */,
				5117691425138B6800C12BA8 /* Info.plist */,
				5117690E25138B6800C12BA8 /* Preview Content */,
			);
			path = EmojiArt;
			sourceTree = "<group>";
		};
		5117690E25138B6800C12BA8 /* Preview Content */ = {
			isa = PBXGroup;
			children = (
				5117690F25138B6800C12BA8 /* Preview Assets.xcassets */,
			);
			path = "Preview Content";
			sourceTree = "<group>";
		};
/* End PBXGroup section */

/* Begin PBXNativeTarget section */
		5117690225138B6000C12BA8 /* EmojiArt */ = {
			isa = PBXNativeTarget;
			buildConfigurationList = 5117691725138B6800C12BA8 /* Build configuration list for PBXNativeTarget "EmojiArt" */;
			buildPhases = (
				511768FF25138B6000C12BA8 /* Sources */,
				5117690025138B6000C12BA8 /* Frameworks */,
				5117690125138B6000C12BA8 /* Resources */,
			);
			buildRules = (
			);
			dependencies = (
			);
			name = EmojiArt;
			productName = EmojiArt;
			productReference = 5117690325138B6000C12BA8 /* EmojiArt.app */;
			productType = "com.apple.product-type.application";
		};
/* End PBXNativeTarget section */

/* Begin PBXProject section */
		511768FB25138B6000C12BA8 /* Project object */ = {
			isa = PBXProject;
			attributes = {
				LastSwiftUpdateCheck = 1160;
				LastUpgradeCheck = 1160;
				ORGANIZATIONNAME = "Suwhan Kim";
				TargetAttributes = {
					5117690225138B6000C12BA8 = {
						CreatedOnToolsVersion = 11.6;
					};
				};
			};
			buildConfigurationList = 511768FE25138B6000C12BA8 /* Build configuration list for PBXProject "EmojiArt" */;
			compatibilityVersion = "Xcode 9.3";
			developmentRegion = en;
			hasScannedForEncodings = 0;
			knownRegions = (
				en,
				Base,
			);
			mainGroup = 511768FA25138B6000C12BA8;
			productRefGroup = 5117690425138B6000C12BA8 /* Products */;
			projectDirPath = "";
			projectRoot = "";
			targets = (
				5117690225138B6000C12BA8 /* EmojiArt */,
			);
		};
/* End PBXProject section */

/* Begin PBXResourcesBuildPhase section */
		5117690125138B6000C12BA8 /* Resources */ = {
			isa = PBXResourcesBuildPhase;
			buildActionMask = 2147483647;
			files = (
				5117691325138B6800C12BA8 /* LaunchScreen.storyboard in Resources */,
				5117691025138B6800C12BA8 /* Preview Assets.xcassets in Resources */,
				5117690D25138B6800C12BA8 /* Assets.xcassets in Resources */,
			);
			runOnlyForDeploymentPostprocessing = 0;
		};
/* End PBXResourcesBuildPhase section */

/* Begin PBXSourcesBuildPhase section */
		511768FF25138B6000C12BA8 /* Sources */ = {
			isa = PBXSourcesBuildPhase;
			buildActionMask = 2147483647;
			files = (
				5138372725C01D33006CD5BC /* EmojiArtDocumentPalette.swift in Sources */,
				5117690725138B6000C12BA8 /* AppDelegate.swift in Sources */,
				5117690925138B6000C12BA8 /* SceneDelegate.swift in Sources */,
				51626A76251397B500AF1778 /* EmojiArtExtensions.swift in Sources */,
				51626A742513938400AF1778 /* EmojiArt.swift in Sources */,
				5117690B25138B6000C12BA8 /* EmojiArtDocumentView.swift in Sources */,
				5138372C25C17817006CD5BC /* GridLayout.swift in Sources */,
				514E7114251F82A500FD1530 /* OptionalImage.swift in Sources */,
				5138371F25C00DDB006CD5BC /* Spinning.swift in Sources */,
				5138372F25C17E36006CD5BC /* EmojiArtDocumentStore.swift in Sources */,
				514E7118251F863700FD1530 /* AnimatableSystemFontModifier.swift in Sources */,
				5138373225C18018006CD5BC /* EmojiArtDocumentChooser.swift in Sources */,
				5138373525C18E02006CD5BC /* EditableText.swift in Sources */,
				5117691B25138BDA00C12BA8 /* EmojiArtDocument.swift in Sources */,
				5138372225C01691006CD5BC /* PaletteChooser.swift in Sources */,
				5138372B25C17817006CD5BC /* Grid.swift in Sources */,
			);
			runOnlyForDeploymentPostprocessing = 0;
		};
/* End PBXSourcesBuildPhase section */

/* Begin PBXVariantGroup section */
		5117691125138B6800C12BA8 /* LaunchScreen.storyboard */ = {
			isa = PBXVariantGroup;
			children = (
				5117691225138B6800C12BA8 /* Base */,
			);
			name = LaunchScreen.storyboard;
			sourceTree = "<group>";
		};
/* End PBXVariantGroup section */

/* Begin XCBuildConfiguration section */
		5117691525138B6800C12BA8 /* Debug */ = {
			isa = XCBuildConfiguration;
			buildSettings = {
				ALWAYS_SEARCH_USER_PATHS = NO;
				CLANG_ANALYZER_NONNULL = YES;
				CLANG_ANALYZER_NUMBER_OBJECT_CONVERSION = YES_AGGRESSIVE;
				CLANG_CXX_LANGUAGE_STANDARD = "gnu++14";
				CLANG_CXX_LIBRARY = "libc++";
				CLANG_ENABLE_MODULES = YES;
				CLANG_ENABLE_OBJC_ARC = YES;
				CLANG_ENABLE_OBJC_WEAK = YES;
				CLANG_WARN_BLOCK_CAPTURE_AUTORELEASING = YES;
				CLANG_WARN_BOOL_CONVERSION = YES;
				CLANG_WARN_COMMA = YES;
				CLANG_WARN_CONSTANT_CONVERSION = YES;
				CLANG_WARN_DEPRECATED_OBJC_IMPLEMENTATIONS = YES;
				CLANG_WARN_DIRECT_OBJC_ISA_USAGE = YES_ERROR;
				CLANG_WARN_DOCUMENTATION_COMMENTS = YES;
				CLANG_WARN_EMPTY_BODY = YES;
				CLANG_WARN_ENUM_CONVERSION = YES;
				CLANG_WARN_INFINITE_RECURSION = YES;
				CLANG_WARN_INT_CONVERSION = YES;
				CLANG_WARN_NON_LITERAL_NULL_CONVERSION = YES;
				CLANG_WARN_OBJC_IMPLICIT_RETAIN_SELF = YES;
				CLANG_WARN_OBJC_LITERAL_CONVERSION = YES;
				CLANG_WARN_OBJC_ROOT_CLASS = YES_ERROR;
				CLANG_WARN_RANGE_LOOP_ANALYSIS = YES;
				CLANG_WARN_STRICT_PROTOTYPES = YES;
				CLANG_WARN_SUSPICIOUS_MOVE = YES;
				CLANG_WARN_UNGUARDED_AVAILABILITY = YES_AGGRESSIVE;
				CLANG_WARN_UNREACHABLE_CODE = YES;
				CLANG_WARN__DUPLICATE_METHOD_MATCH = YES;
				COPY_PHASE_STRIP = NO;
				DEBUG_INFORMATION_FORMAT = dwarf;
				ENABLE_STRICT_OBJC_MSGSEND = YES;
				ENABLE_TESTABILITY = YES;
				GCC_C_LANGUAGE_STANDARD = gnu11;
				GCC_DYNAMIC_NO_PIC = NO;
				GCC_NO_COMMON_BLOCKS = YES;
				GCC_OPTIMIZATION_LEVEL = 0;
				GCC_PREPROCESSOR_DEFINITIONS = (
					"DEBUG=1",
					"$(inherited)",
				);
				GCC_WARN_64_TO_32_BIT_CONVERSION = YES;
				GCC_WARN_ABOUT_RETURN_TYPE = YES_ERROR;
				GCC_WARN_UNDECLARED_SELECTOR = YES;
				GCC_WARN_UNINITIALIZED_AUTOS = YES_AGGRESSIVE;
				GCC_WARN_UNUSED_FUNCTION = YES;
				GCC_WARN_UNUSED_VARIABLE = YES;
				IPHONEOS_DEPLOYMENT_TARGET = 13.6;
				MTL_ENABLE_DEBUG_INFO = INCLUDE_SOURCE;
				MTL_FAST_MATH = YES;
				ONLY_ACTIVE_ARCH = YES;
				SDKROOT = iphoneos;
				SWIFT_ACTIVE_COMPILATION_CONDITIONS = DEBUG;
				SWIFT_OPTIMIZATION_LEVEL = "-Onone";
			};
			name = Debug;
		};
		5117691625138B6800C12BA8 /* Release */ = {
			isa = XCBuildConfiguration;
			buildSettings = {
				ALWAYS_SEARCH_USER_PATHS = NO;
				CLANG_ANALYZER_NONNULL = YES;
				CLANG_ANALYZER_NUMBER_OBJECT_CONVERSION = YES_AGGRESSIVE;
				CLANG_CXX_LANGUAGE_STANDARD = "gnu++14";
				CLANG_CXX_LIBRARY = "libc++";
				CLANG_ENABLE_MODULES = YES;
				CLANG_ENABLE_OBJC_ARC = YES;
				CLANG_ENABLE_OBJC_WEAK = YES;
				CLANG_WARN_BLOCK_CAPTURE_AUTORELEASING = YES;
				CLANG_WARN_BOOL_CONVERSION = YES;
				CLANG_WARN_COMMA = YES;
				CLANG_WARN_CONSTANT_CONVERSION = YES;
				CLANG_WARN_DEPRECATED_OBJC_IMPLEMENTATIONS = YES;
				CLANG_WARN_DIRECT_OBJC_ISA_USAGE = YES_ERROR;
				CLANG_WARN_DOCUMENTATION_COMMENTS = YES;
				CLANG_WARN_EMPTY_BODY = YES;
				CLANG_WARN_ENUM_CONVERSION = YES;
				CLANG_WARN_INFINITE_RECURSION = YES;
				CLANG_WARN_INT_CONVERSION = YES;
				CLANG_WARN_NON_LITERAL_NULL_CONVERSION = YES;
				CLANG_WARN_OBJC_IMPLICIT_RETAIN_SELF = YES;
				CLANG_WARN_OBJC_LITERAL_CONVERSION = YES;
				CLANG_WARN_OBJC_ROOT_CLASS = YES_ERROR;
				CLANG_WARN_RANGE_LOOP_ANALYSIS = YES;
				CLANG_WARN_STRICT_PROTOTYPES = YES;
				CLANG_WARN_SUSPICIOUS_MOVE = YES;
				CLANG_WARN_UNGUARDED_AVAILABILITY = YES_AGGRESSIVE;
				CLANG_WARN_UNREACHABLE_CODE = YES;
				CLANG_WARN__DUPLICATE_METHOD_MATCH = YES;
				COPY_PHASE_STRIP = NO;
				DEBUG_INFORMATION_FORMAT = "dwarf-with-dsym";
				ENABLE_NS_ASSERTIONS = NO;
				ENABLE_STRICT_OBJC_MSGSEND = YES;
				GCC_C_LANGUAGE_STANDARD = gnu11;
				GCC_NO_COMMON_BLOCKS = YES;
				GCC_WARN_64_TO_32_BIT_CONVERSION = YES;
				GCC_WARN_ABOUT_RETURN_TYPE = YES_ERROR;
				GCC_WARN_UNDECLARED_SELECTOR = YES;
				GCC_WARN_UNINITIALIZED_AUTOS = YES_AGGRESSIVE;
				GCC_WARN_UNUSED_FUNCTION = YES;
				GCC_WARN_UNUSED_VARIABLE = YES;
				IPHONEOS_DEPLOYMENT_TARGET = 13.6;
				MTL_ENABLE_DEBUG_INFO = NO;
				MTL_FAST_MATH = YES;
				SDKROOT = iphoneos;
				SWIFT_COMPILATION_MODE = wholemodule;
				SWIFT_OPTIMIZATION_LEVEL = "-O";
				VALIDATE_PRODUCT = YES;
			};
			name = Release;
		};
		5117691825138B6800C12BA8 /* Debug */ = {
			isa = XCBuildConfiguration;
			buildSettings = {
				ASSETCATALOG_COMPILER_APPICON_NAME = AppIcon;
				CODE_SIGN_STYLE = Automatic;
				DEVELOPMENT_ASSET_PATHS = "\"EmojiArt/Preview Content\"";
				DEVELOPMENT_TEAM = B9T788S7A9;
				ENABLE_PREVIEWS = YES;
				INFOPLIST_FILE = EmojiArt/Info.plist;
				LD_RUNPATH_SEARCH_PATHS = (
					"$(inherited)",
					"@executable_path/Frameworks",
				);
				PRODUCT_BUNDLE_IDENTIFIER = com.supernova911.EmojiArt;
				PRODUCT_NAME = "$(TARGET_NAME)";
				SWIFT_VERSION = 5.0;
				TARGETED_DEVICE_FAMILY = "1,2";
			};
			name = Debug;
		};
		5117691925138B6800C12BA8 /* Release */ = {
			isa = XCBuildConfiguration;
			buildSettings = {
				ASSETCATALOG_COMPILER_APPICON_NAME = AppIcon;
				CODE_SIGN_STYLE = Automatic;
				DEVELOPMENT_ASSET_PATHS = "\"EmojiArt/Preview Content\"";
				DEVELOPMENT_TEAM = B9T788S7A9;
				ENABLE_PREVIEWS = YES;
				INFOPLIST_FILE = EmojiArt/Info.plist;
				LD_RUNPATH_SEARCH_PATHS = (
					"$(inherited)",
					"@executable_path/Frameworks",
				);
				PRODUCT_BUNDLE_IDENTIFIER = com.supernova911.EmojiArt;
				PRODUCT_NAME = "$(TARGET_NAME)";
				SWIFT_VERSION = 5.0;
				TARGETED_DEVICE_FAMILY = "1,2";
			};
			name = Release;
		};
/* End XCBuildConfiguration section */

/* Begin XCConfigurationList section */
		511768FE25138B6000C12BA8 /* Build configuration list for PBXProject "EmojiArt" */ = {
			isa = XCConfigurationList;
			buildConfigurations = (
				5117691525138B6800C12BA8 /* Debug */,
				5117691625138B6800C12BA8 /* Release */,
			);
			defaultConfigurationIsVisible = 0;
			defaultConfigurationName = Release;
		};
		5117691725138B6800C12BA8 /* Build configuration list for PBXNativeTarget "EmojiArt" */ = {
			isa = XCConfigurationList;
			buildConfigurations = (
				5117691825138B6800C12BA8 /* Debug */,
				5117691925138B6800C12BA8 /* Release */,
			);
			defaultConfigurationIsVisible = 0;
			defaultConfigurationName = Release;
		};
/* End XCConfigurationList section */
	};
	rootObject = 511768FB25138B6000C12BA8 /* Project object */;
}
